# This file was autogenerated by Stack.
# You should not edit this file by hand.
# For more information, please see the documentation at:
#   https://docs.haskellstack.org/en/stable/topics/lock_files

packages:
- completed:
    commit: acbdfd864b7e574dfbe1595fbdcd154563b2a0ef
    git: https://github.com/hpacheco/gloss-juicy.git
    name: gloss-juicy
    pantry-tree:
      sha256: 48286cf4c310a07ae5ca7d3b3b9c0d995c24b4195191006562d70c52a24a6f8e
      size: 373
    version: 0.2.4
  original:
    commit: acbdfd864b7e574dfbe1595fbdcd154563b2a0ef
    git: https://github.com/hpacheco/gloss-juicy.git
- completed:
    hackage: JuicyPixels-3.3.9@sha256:bf5797222c7f3580b84b43cef84a51237b30d6be00a010d94ede59deeda19e06,4047
    pantry-tree:
      sha256: f930d2607fb0f52765b57fe14668cff4e30ac30fa0c3af502b04c1d447fa2971
      size: 2724
  original:
    hackage: JuicyPixels-3.3.9@sha256:bf5797222c7f3580b84b43cef84a51237b30d6be00a010d94ede59deeda19e06,4047
- completed:
    hackage: QuickCheck-2.17.1.0@sha256:8f67f5f1acd1db9c8a247e60ad7fbece61850ee9973629e3f6ee7d277e97d0c1,8647
    pantry-tree:
      sha256: 265e219387b532769fcdd7b44a11289d99590336a5f4dfa198945d62cdd65471
      size: 2809
  original:
    hackage: QuickCheck-2.17.1.0@sha256:8f67f5f1acd1db9c8a247e60ad7fbece61850ee9973629e3f6ee7d277e97d0c1,8647
- completed:
    hackage: groups-0.5.3@sha256:b536d995c65281f5b891a694213fe4abce2fcee71ebda08bb9ec9e334cdcc741,692
    pantry-tree:
      sha256: 4c008c3507747308c0fe6732922e0dd4736685c35b35251358a28cf2d56ade98
      size: 207
  original:
    hackage: groups-0.5.3@sha256:b536d995c65281f5b891a694213fe4abce2fcee71ebda08bb9ec9e334cdcc741,692
- completed:
    hackage: mtl-2.2.2@sha256:1050fb71acd9f5d67da7d992583f5bd0eb14407b9dc7acc122af1b738b706ca3,2261
    pantry-tree:
      sha256: b8bdc2259e2f943a7252fb164805666fe108ac959d398e0af27b43ba2ebc241c
      size: 1713
  original:
    hackage: mtl-2.2.2@sha256:1050fb71acd9f5d67da7d992583f5bd0eb14407b9dc7acc122af1b738b706ca3,2261
- completed:
    hackage: optparse-applicative-0.19.0.0@sha256:0b47b3ff7eb4a855b5f7d401690365fc62a32057374927ce0d478b620996222d,5813
    pantry-tree:
      sha256: 91733e6f053044a8b0dad22808cffb83f745299293312659c95a38edc79aadeb
      size: 4091
  original:
    hackage: optparse-applicative-0.19.0.0@sha256:0b47b3ff7eb4a855b5f7d401690365fc62a32057374927ce0d478b620996222d,5813
- completed:
    hackage: timeit-2.0@sha256:35d7c3ce64b458bbb1200320203f21281c975c85acc636a634500601c474fded,1197
    pantry-tree:
      sha256: c37c98f2173d5c1a651483b90163cdb9384a6d76b0adb7dfad58cbc9e9b7be86
      size: 259
  original:
    hackage: timeit-2.0@sha256:35d7c3ce64b458bbb1200320203f21281c975c85acc636a634500601c474fded,1197
- completed:
    hackage: filepath-1.4.301.0@sha256:2c5d05f98759938db45757016ec406ed2c6021cd9018a53fedb76b9d5a8239ea,6128
    pantry-tree:
      sha256: 8f99fd207c99566f18b0e5efe784cb72e6b240dde9ceecbe1a1a11954f6dae89
      size: 3998
  original:
    hackage: filepath-1.4.301.0@sha256:2c5d05f98759938db45757016ec406ed2c6021cd9018a53fedb76b9d5a8239ea,6128
- completed:
    hackage: prettyprinter-1.7.1@sha256:9c43c9d8c3cd9f445596e5a2379574bba87f935a4d1fa41b5407ee3cf4edc743,6987
    pantry-tree:
      sha256: cd6f393bf7cba603a1958a139915fc343efd5488e36fd7b3b5c6956c002d04fa
      size: 3460
  original:
    hackage: prettyprinter-1.7.1@sha256:9c43c9d8c3cd9f445596e5a2379574bba87f935a4d1fa41b5407ee3cf4edc743,6987
- completed:
    hackage: prettyprinter-ansi-terminal-1.1.3@sha256:b00f727b964cf13adff7acf575a71fa7e405f5240aff50b07f10df76ab89f8d3,2574
    pantry-tree:
      sha256: b5d276267049502c72fdcd2f1d84c15b3598160d61de0482a2e5bb62c40bd4ea
      size: 820
  original:
    hackage: prettyprinter-ansi-terminal-1.1.3@sha256:b00f727b964cf13adff7acf575a71fa7e405f5240aff50b07f10df76ab89f8d3,2574
- completed:
    hackage: primitive-0.9.1.0@sha256:756b222c715bc6ef5ba81fa69cdbaa20c5c53beb6f16f174b8bacc93a6d239f0,3258
    pantry-tree:
      sha256: f3316dce468a892930234a85193674461341e77426e7c46c82448f363367a528
      size: 1793
  original:
    hackage: primitive-0.9.1.0@sha256:756b222c715bc6ef5ba81fa69cdbaa20c5c53beb6f16f174b8bacc93a6d239f0,3258
- completed:
    hackage: process-1.6.26.1@sha256:9571f573339d6189ebd4f492e692f604aa19fe03d7c0992b8aa071e873e23a95,3067
    pantry-tree:
      sha256: 460fae61f25eabc17d69d6ff20d13359b156c2cacd87a6e1a7de2e20a8c33183
      size: 1869
  original:
    hackage: process-1.6.26.1@sha256:9571f573339d6189ebd4f492e692f604aa19fe03d7c0992b8aa071e873e23a95,3067
- completed:
    hackage: random-1.3.1@sha256:0b4f649c3e78713b2ccad1535251ee34b148237fb2229d7058c2b1d9ccc324b8,6004
    pantry-tree:
      sha256: 9e92209c00b0c00b7d1c503e15a27b67b74ac2e3b48269a9255893b06de6836c
      size: 1667
  original:
    hackage: random-1.3.1@sha256:0b4f649c3e78713b2ccad1535251ee34b148237fb2229d7058c2b1d9ccc324b8,6004
- completed:
    hackage: splitmix-0.1.3.2@sha256:a557cff65eed1f70f3a3b468423cd58e7a9a9564c5cc00c76a13de64dec9bcbd,3608
    pantry-tree:
      sha256: 95abfd61d6773801e9f18aa91bd5655cbc72b09d93525b98bafa17058f0351d8
      size: 880
  original:
    hackage: splitmix-0.1.3.2@sha256:a557cff65eed1f70f3a3b468423cd58e7a9a9564c5cc00c76a13de64dec9bcbd,3608
- completed:
    hackage: transformers-0.5.6.2@sha256:6c959d14430f4deffb99579ba019de07c3d852a2122b6f449344386c7d75ff1d,3172
    pantry-tree:
      sha256: c79246ba7d61392c2f214376fed3c2a05e4b2649b93ec2c849a86493f278ace0
      size: 2512
  original:
    hackage: transformers-0.5.6.2@sha256:6c959d14430f4deffb99579ba019de07c3d852a2122b6f449344386c7d75ff1d,3172
- completed:
    hackage: vector-0.13.2.0@sha256:9ac338c8da52d8a37db08434ca4480fef2cea4f9aac240f4f994bb467f5275b4,8804
    pantry-tree:
      sha256: 9bc1265c2469283d87c2ebffeac07fc923fe4a1e99c1cf31fd1890afb002f8a9
      size: 4478
  original:
    hackage: vector-0.13.2.0@sha256:9ac338c8da52d8a37db08434ca4480fef2cea4f9aac240f4f994bb467f5275b4,8804
- completed:
    hackage: zlib-0.7.1.1@sha256:cf2f8f91b10b635bdaa2c3010f40a5562a06ede24b92d819758e7f1b7d04f9f2,5206
    pantry-tree:
      sha256: 5390028137a6d119300847be08ebb0063bfd00cfca856675bb0f0d6887f06fda
      size: 1519
  original:
    hackage: zlib-0.7.1.1@sha256:cf2f8f91b10b635bdaa2c3010f40a5562a06ede24b92d819758e7f1b7d04f9f2,5206
- completed:
    hackage: ansi-terminal-1.1.5@sha256:408d9232e5304efead718f96138d6d7eb2da608c6121c5c0dc6a71a833b14320,3327
    pantry-tree:
      sha256: 081bff43a1d384922a9d9b7b27c96c1fa0ecadbd4dfe0e801b2931e06ee4b50f
      size: 1111
  original:
    hackage: ansi-terminal-1.1.5@sha256:408d9232e5304efead718f96138d6d7eb2da608c6121c5c0dc6a71a833b14320,3327
- completed:
    hackage: directory-1.3.10.1@sha256:bf029d8163ccae567cc6a5aa8f654016f58dfc066d15f8a8f7c74b8ca855562c,3174
    pantry-tree:
      sha256: c5b37dee100952a39df8dd4c5a48e279bc6744c22293774698e60a140de85a82
      size: 3396
  original:
    hackage: directory-1.3.10.1@sha256:bf029d8163ccae567cc6a5aa8f654016f58dfc066d15f8a8f7c74b8ca855562c,3174
- completed:
    hackage: exceptions-0.10.12@sha256:35823746998223f647aa615199c9c6b9e5a71d4c4134ae2d4c297ed7de0b56a5,2160
    pantry-tree:
      sha256: 403956583d249c43e131c961dedd909da99fda041a9fb08986765c0f55bbed2d
      size: 738
  original:
    hackage: exceptions-0.10.12@sha256:35823746998223f647aa615199c9c6b9e5a71d4c4134ae2d4c297ed7de0b56a5,2160
- completed:
    hackage: tasty-1.5.3@sha256:6b5dda3f16db1274a0b3e6c4073ac57172a1e96b1dca05666c5cbd1183639412,2923
    pantry-tree:
      sha256: 55cabcd98ff0f5c671a93fb138b8b8cb1cf223497b0fbf9207e6c519fd54a9e9
      size: 1944
  original:
    hackage: tasty-1.5.3@sha256:6b5dda3f16db1274a0b3e6c4073ac57172a1e96b1dca05666c5cbd1183639412,2923
- completed:
    hackage: unix-2.8.8.0@sha256:0b239653389dbc5f33129d92ef31e44172c53e6ada373d636d89f09d23cc6009,10318
    pantry-tree:
      sha256: 5be8a73930be24d4a4bf9a6edc1fe76acdb081369e8c9bcc44525cadd0998f15
      size: 5945
  original:
    hackage: unix-2.8.8.0@sha256:0b239653389dbc5f33129d92ef31e44172c53e6ada373d636d89f09d23cc6009,10318
- completed:
    hackage: vector-stream-0.1.0.1@sha256:483be6df13c72169a917640589666f9fece7bea9fa13fcd41d052dab37ea289e,1642
    pantry-tree:
      sha256: 8f597e9033aaa83fabc206050fd54b1d702ad0760c20b7f56a781b8d7e614685
      size: 325
  original:
    hackage: vector-stream-0.1.0.1@sha256:483be6df13c72169a917640589666f9fece7bea9fa13fcd41d052dab37ea289e,1642
- completed:
    hackage: ansi-terminal-types-1.1.3@sha256:1d6061eceaf35a9ed269b81177dd4c8c60403a499526f7f68fdffa4ec7842e7f,1523
    pantry-tree:
      sha256: 99497d3d290b931b8aa15e341f74c14b9da8312f7610987973f634c68f640c69
      size: 365
  original:
    hackage: ansi-terminal-types-1.1.3@sha256:1d6061eceaf35a9ed269b81177dd4c8c60403a499526f7f68fdffa4ec7842e7f,1523
- completed:
    hackage: colour-2.3.6@sha256:ebdcbf15023958838a527e381ab3c3b1e99ed12d1b25efeb7feaa4ad8c37664a,2378
    pantry-tree:
      sha256: 03f8e22f364deb86098dbfbe0bf83c896437b2355f139abdac0402658fb6ac7e
      size: 1183
  original:
    hackage: colour-2.3.6@sha256:ebdcbf15023958838a527e381ab3c3b1e99ed12d1b25efeb7feaa4ad8c37664a,2378
- completed:
    hackage: file-io-0.1.5@sha256:1d68a81fa684d006b1ec73836cebe3de9a54688836915fe3e56a20389846bb4e,3309
    pantry-tree:
      sha256: 29b9dc0a18772cb73091b711a5dbda029fe89c1ffb06034b4f54258c4eabfe1b
      size: 905
  original:
    hackage: file-io-0.1.5@sha256:1d68a81fa684d006b1ec73836cebe3de9a54688836915fe3e56a20389846bb4e,3309
- completed:
    hackage: tagged-0.8.10@sha256:e9b97c98e9827981d62f37c5febf9e6bbb67acec92b8bd41fd9f7ace5eb31d32,2201
    pantry-tree:
      sha256: 5ba1ff7ad9a676b89a2a6ab00ac2100f30a21440ef8e04094614ab5b5f494b3f
      size: 438
  original:
    hackage: tagged-0.8.10@sha256:e9b97c98e9827981d62f37c5febf9e6bbb67acec92b8bd41fd9f7ace5eb31d32,2201
snapshots: []
